// !$*UTF8*$!
{
	archiveVersion = 1;
	classes = {
	};
	objectVersion = 55;
	objects = {

/* Begin PBXBuildFile section */
		A782AE6128362EA1008B5064 /* AppDelegate.swift in Sources */ = {isa = PBXBuildFile; fileRef = A782AE6028362EA1008B5064 /* AppDelegate.swift */; };
		A782AE6328362EA1008B5064 /* SceneDelegate.swift in Sources */ = {isa = PBXBuildFile; fileRef = A782AE6228362EA1008B5064 /* SceneDelegate.swift */; };
		A782AE6528362EA1008B5064 /* ViewController.swift in Sources */ = {isa = PBXBuildFile; fileRef = A782AE6428362EA1008B5064 /* ViewController.swift */; };
		A782AE6828362EA1008B5064 /* Main.storyboard in Resources */ = {isa = PBXBuildFile; fileRef = A782AE6628362EA1008B5064 /* Main.storyboard */; };
		A782AE6A28362EA2008B5064 /* Assets.xcassets in Resources */ = {isa = PBXBuildFile; fileRef = A782AE6928362EA2008B5064 /* Assets.xcassets */; };
		A782AE6D28362EA2008B5064 /* LaunchScreen.storyboard in Resources */ = {isa = PBXBuildFile; fileRef = A782AE6B28362EA2008B5064 /* LaunchScreen.storyboard */; };
		A782AE7628362F63008B5064 /* TodoModel.swift in Sources */ = {isa = PBXBuildFile; fileRef = A782AE7528362F63008B5064 /* TodoModel.swift */; };
		A782AE7A28363023008B5064 /* TodoListViewController.swift in Sources */ = {isa = PBXBuildFile; fileRef = A782AE7828363023008B5064 /* TodoListViewController.swift */; };
		A782AE7B28363023008B5064 /* TodoListViewController.xib in Resources */ = {isa = PBXBuildFile; fileRef = A782AE7928363023008B5064 /* TodoListViewController.xib */; };
		A7F9755228363529009EEF08 /* AddTodoViewController.swift in Sources */ = {isa = PBXBuildFile; fileRef = A7F9755028363529009EEF08 /* AddTodoViewController.swift */; };
		A7F9755328363529009EEF08 /* AddTodoViewController.xib in Resources */ = {isa = PBXBuildFile; fileRef = A7F9755128363529009EEF08 /* AddTodoViewController.xib */; };
		B2184FA908CEED892FFCEAF8 /* Pods_TodoList.framework in Frameworks */ = {isa = PBXBuildFile; fileRef = 12752D63F25D61C8ACEE2026 /* Pods_TodoList.framework */; };
/* End PBXBuildFile section */

/* Begin PBXFileReference section */
		12752D63F25D61C8ACEE2026 /* Pods_TodoList.framework */ = {isa = PBXFileReference; explicitFileType = wrapper.framework; includeInIndex = 0; path = Pods_TodoList.framework; sourceTree = BUILT_PRODUCTS_DIR; };
		4C5FC7FD58DD54CA6E9AAF01 /* Pods-TodoList.debug.xcconfig */ = {isa = PBXFileReference; includeInIndex = 1; lastKnownFileType = text.xcconfig; name = "Pods-TodoList.debug.xcconfig"; path = "Target Support Files/Pods-TodoList/Pods-TodoList.debug.xcconfig"; sourceTree = "<group>"; };
		80A09E6E2C0B01CC53C8F538 /* Pods-TodoList.release.xcconfig */ = {isa = PBXFileReference; includeInIndex = 1; lastKnownFileType = text.xcconfig; name = "Pods-TodoList.release.xcconfig"; path = "Target Support Files/Pods-TodoList/Pods-TodoList.release.xcconfig"; sourceTree = "<group>"; };
		A782AE5D28362EA1008B5064 /* TodoList.app */ = {isa = PBXFileReference; explicitFileType = wrapper.application; includeInIndex = 0; path = TodoList.app; sourceTree = BUILT_PRODUCTS_DIR; };
		A782AE6028362EA1008B5064 /* AppDelegate.swift */ = {isa = PBXFileReference; lastKnownFileType = sourcecode.swift; path = AppDelegate.swift; sourceTree = "<group>"; };
		A782AE6228362EA1008B5064 /* SceneDelegate.swift */ = {isa = PBXFileReference; lastKnownFileType = sourcecode.swift; path = SceneDelegate.swift; sourceTree = "<group>"; };
		A782AE6428362EA1008B5064 /* ViewController.swift */ = {isa = PBXFileReference; lastKnownFileType = sourcecode.swift; path = ViewController.swift; sourceTree = "<group>"; };
		A782AE6728362EA1008B5064 /* Base */ = {isa = PBXFileReference; lastKnownFileType = file.storyboard; name = Base; path = Base.lproj/Main.storyboard; sourceTree = "<group>"; };
		A782AE6928362EA2008B5064 /* Assets.xcassets */ = {isa = PBXFileReference; lastKnownFileType = folder.assetcatalog; path = Assets.xcassets; sourceTree = "<group>"; };
		A782AE6C28362EA2008B5064 /* Base */ = {isa = PBXFileReference; lastKnownFileType = file.storyboard; name = Base; path = Base.lproj/LaunchScreen.storyboard; sourceTree = "<group>"; };
		A782AE6E28362EA2008B5064 /* Info.plist */ = {isa = PBXFileReference; lastKnownFileType = text.plist.xml; path = Info.plist; sourceTree = "<group>"; };
		A782AE7528362F63008B5064 /* TodoModel.swift */ = {isa = PBXFileReference; lastKnownFileType = sourcecode.swift; path = TodoModel.swift; sourceTree = "<group>"; };
		A782AE7828363023008B5064 /* TodoListViewController.swift */ = {isa = PBXFileReference; lastKnownFileType = sourcecode.swift; path = TodoListViewController.swift; sourceTree = "<group>"; };
		A782AE7928363023008B5064 /* TodoListViewController.xib */ = {isa = PBXFileReference; lastKnownFileType = file.xib; path = TodoListViewController.xib; sourceTree = "<group>"; };
		A7F9755028363529009EEF08 /* AddTodoViewController.swift */ = {isa = PBXFileReference; lastKnownFileType = sourcecode.swift; path = AddTodoViewController.swift; sourceTree = "<group>"; };
		A7F9755128363529009EEF08 /* AddTodoViewController.xib */ = {isa = PBXFileReference; lastKnownFileType = file.xib; path = AddTodoViewController.xib; sourceTree = "<group>"; };
/* End PBXFileReference section */

/* Begin PBXFrameworksBuildPhase section */
		A782AE5A28362EA1008B5064 /* Frameworks */ = {
			isa = PBXFrameworksBuildPhase;
			buildActionMask = 2147483647;
			files = (
				B2184FA908CEED892FFCEAF8 /* Pods_TodoList.framework in Frameworks */,
			);
			runOnlyForDeploymentPostprocessing = 0;
		};
/* End PBXFrameworksBuildPhase section */

/* Begin PBXGroup section */
		A782AE5428362EA0008B5064 = {
			isa = PBXGroup;
			children = (
				A782AE5F28362EA1008B5064 /* TodoList */,
				A782AE5E28362EA1008B5064 /* Products */,
				B513096915354CD2EA1D58E9 /* Pods */,
				FBE76310139D893B3255A28C /* Frameworks */,
			);
			sourceTree = "<group>";
		};
		A782AE5E28362EA1008B5064 /* Products */ = {
			isa = PBXGroup;
			children = (
				A782AE5D28362EA1008B5064 /* TodoList.app */,
			);
			name = Products;
			sourceTree = "<group>";
		};
		A782AE5F28362EA1008B5064 /* TodoList */ = {
			isa = PBXGroup;
			children = (
				A782AE6028362EA1008B5064 /* AppDelegate.swift */,
				A782AE6228362EA1008B5064 /* SceneDelegate.swift */,
				A782AE6428362EA1008B5064 /* ViewController.swift */,
				A782AE7428362F53008B5064 /* Model */,
				A782AE7728362FFE008B5064 /* Scene */,
				A782AE6628362EA1008B5064 /* Main.storyboard */,
				A782AE6928362EA2008B5064 /* Assets.xcassets */,
				A782AE6B28362EA2008B5064 /* LaunchScreen.storyboard */,
				A782AE6E28362EA2008B5064 /* Info.plist */,
			);
			path = TodoList;
			sourceTree = "<group>";
		};
		A782AE7428362F53008B5064 /* Model */ = {
			isa = PBXGroup;
			children = (
				A782AE7528362F63008B5064 /* TodoModel.swift */,
			);
			path = Model;
			sourceTree = "<group>";
		};
		A782AE7728362FFE008B5064 /* Scene */ = {
			isa = PBXGroup;
			children = (
				A7F9754F2836350C009EEF08 /* AddTodo */,
				A782AE7D2836306D008B5064 /* TodoList */,
			);
			path = Scene;
			sourceTree = "<group>";
		};
		A782AE7D2836306D008B5064 /* TodoList */ = {
			isa = PBXGroup;
			children = (
				A782AE7828363023008B5064 /* TodoListViewController.swift */,
				A782AE7928363023008B5064 /* TodoListViewController.xib */,
			);
			path = TodoList;
			sourceTree = "<group>";
		};
		A7F9754F2836350C009EEF08 /* AddTodo */ = {
			isa = PBXGroup;
			children = (
				A7F9755028363529009EEF08 /* AddTodoViewController.swift */,
				A7F9755128363529009EEF08 /* AddTodoViewController.xib */,
			);
			path = AddTodo;
			sourceTree = "<group>";
		};
		B513096915354CD2EA1D58E9 /* Pods */ = {
			isa = PBXGroup;
			children = (
				4C5FC7FD58DD54CA6E9AAF01 /* Pods-TodoList.debug.xcconfig */,
				80A09E6E2C0B01CC53C8F538 /* Pods-TodoList.release.xcconfig */,
			);
			path = Pods;
			sourceTree = "<group>";
		};
		FBE76310139D893B3255A28C /* Frameworks */ = {
			isa = PBXGroup;
			children = (
				12752D63F25D61C8ACEE2026 /* Pods_TodoList.framework */,
			);
			name = Frameworks;
			sourceTree = "<group>";
		};
/* End PBXGroup section */

/* Begin PBXNativeTarget section */
		A782AE5C28362EA1008B5064 /* TodoList */ = {
			isa = PBXNativeTarget;
			buildConfigurationList = A782AE7128362EA2008B5064 /* Build configuration list for PBXNativeTarget "TodoList" */;
			buildPhases = (
				61711D7DF4E3325F5B290192 /* [CP] Check Pods Manifest.lock */,
				A782AE5928362EA1008B5064 /* Sources */,
				A782AE5A28362EA1008B5064 /* Frameworks */,
				A782AE5B28362EA1008B5064 /* Resources */,
				7570358A12BC881E6F46D00F /* [CP] Embed Pods Frameworks */,
			);
			buildRules = (
			);
			dependencies = (
			);
			name = TodoList;
			productName = TodoList;
			productReference = A782AE5D28362EA1008B5064 /* TodoList.app */;
			productType = "com.apple.product-type.application";
		};
/* End PBXNativeTarget section */

/* Begin PBXProject section */
		A782AE5528362EA0008B5064 /* Project object */ = {
			isa = PBXProject;
			attributes = {
				BuildIndependentTargetsInParallel = 1;
				LastSwiftUpdateCheck = 1330;
				LastUpgradeCheck = 1330;
				TargetAttributes = {
					A782AE5C28362EA1008B5064 = {
						CreatedOnToolsVersion = 13.3;
					};
				};
			};
			buildConfigurationList = A782AE5828362EA0008B5064 /* Build configuration list for PBXProject "TodoList" */;
			compatibilityVersion = "Xcode 13.0";
			developmentRegion = en;
			hasScannedForEncodings = 0;
			knownRegions = (
				en,
				Base,
			);
			mainGroup = A782AE5428362EA0008B5064;
			productRefGroup = A782AE5E28362EA1008B5064 /* Products */;
			projectDirPath = "";
			projectRoot = "";
			targets = (
				A782AE5C28362EA1008B5064 /* TodoList */,
			);
		};
/* End PBXProject section */

/* Begin PBXResourcesBuildPhase section */
		A782AE5B28362EA1008B5064 /* Resources */ = {
			isa = PBXResourcesBuildPhase;
			buildActionMask = 2147483647;
			files = (
				A7F9755328363529009EEF08 /* AddTodoViewController.xib in Resources */,
				A782AE7B28363023008B5064 /* TodoListViewController.xib in Resources */,
				A782AE6D28362EA2008B5064 /* LaunchScreen.storyboard in Resources */,
				A782AE6A28362EA2008B5064 /* Assets.xcassets in Resources */,
				A782AE6828362EA1008B5064 /* Main.storyboard in Resources */,
			);
			runOnlyForDeploymentPostprocessing = 0;
		};
/* End PBXResourcesBuildPhase section */

/* Begin PBXShellScriptBuildPhase section */
		61711D7DF4E3325F5B290192 /* [CP] Check Pods Manifest.lock */ = {
			isa = PBXShellScriptBuildPhase;
			buildActionMask = 2147483647;
			files = (
			);
			inputFileListPaths = (
			);
			inputPaths = (
				"${PODS_PODFILE_DIR_PATH}/Podfile.lock",
				"${PODS_ROOT}/Manifest.lock",
			);
			name = "[CP] Check Pods Manifest.lock";
			outputFileListPaths = (
			);
			outputPaths = (
				"$(DERIVED_FILE_DIR)/Pods-TodoList-checkManifestLockResult.txt",
			);
			runOnlyForDeploymentPostprocessing = 0;
			shellPath = /bin/sh;
			shellScript = "diff \"${PODS_PODFILE_DIR_PATH}/Podfile.lock\" \"${PODS_ROOT}/Manifest.lock\" > /dev/null\nif [ $? != 0 ] ; then\n    # print error to STDERR\n    echo \"error: The sandbox is not in sync with the Podfile.lock. Run 'pod install' or update your CocoaPods installation.\" >&2\n    exit 1\nfi\n# This output is used by Xcode 'outputs' to avoid re-running this script phase.\necho \"SUCCESS\" > \"${SCRIPT_OUTPUT_FILE_0}\"\n";
			showEnvVarsInLog = 0;
		};
		7570358A12BC881E6F46D00F /* [CP] Embed Pods Frameworks */ = {
			isa = PBXShellScriptBuildPhase;
			buildActionMask = 2147483647;
			files = (
			);
			inputFileListPaths = (
				"${PODS_ROOT}/Target Support Files/Pods-TodoList/Pods-TodoList-frameworks-${CONFIGURATION}-input-files.xcfilelist",
			);
			name = "[CP] Embed Pods Frameworks";
			outputFileListPaths = (
				"${PODS_ROOT}/Target Support Files/Pods-TodoList/Pods-TodoList-frameworks-${CONFIGURATION}-output-files.xcfilelist",
			);
			runOnlyForDeploymentPostprocessing = 0;
			shellPath = /bin/sh;
			shellScript = "\"${PODS_ROOT}/Target Support Files/Pods-TodoList/Pods-TodoList-frameworks.sh\"\n";
			showEnvVarsInLog = 0;
		};
/* End PBXShellScriptBuildPhase section */

/* Begin PBXSourcesBuildPhase section */
		A782AE5928362EA1008B5064 /* Sources */ = {
			isa = PBXSourcesBuildPhase;
			buildActionMask = 2147483647;
			files = (
				A782AE6528362EA1008B5064 /* ViewController.swift in Sources */,
				A7F9755228363529009EEF08 /* AddTodoViewController.swift in Sources */,
				A782AE7628362F63008B5064 /* TodoModel.swift in Sources */,
				A782AE6128362EA1008B5064 /* AppDelegate.swift in Sources */,
				A782AE6328362EA1008B5064 /* SceneDelegate.swift in Sources */,
				A782AE7A28363023008B5064 /* TodoListViewController.swift in Sources */,
			);
			runOnlyForDeploymentPostprocessing = 0;
		};
/* End PBXSourcesBuildPhase section */

/* Begin PBXVariantGroup section */
		A782AE6628362EA1008B5064 /* Main.storyboard */ = {
			isa = PBXVariantGroup;
			children = (
				A782AE6728362EA1008B5064 /* Base */,
			);
			name = Main.storyboard;
			sourceTree = "<group>";
		};
		A782AE6B28362EA2008B5064 /* LaunchScreen.storyboard */ = {
			isa = PBXVariantGroup;
			children = (
				A782AE6C28362EA2008B5064 /* Base */,
			);
			name = LaunchScreen.storyboard;
			sourceTree = "<group>";
		};
/* End PBXVariantGroup section */

/* Begin XCBuildConfiguration section */
		A782AE6F28362EA2008B5064 /* Debug */ = {
			isa = XCBuildConfiguration;
			buildSettings = {
				ALWAYS_SEARCH_USER_PATHS = NO;
				CLANG_ANALYZER_NONNULL = YES;
				CLANG_ANALYZER_NUMBER_OBJECT_CONVERSION = YES_AGGRESSIVE;
				CLANG_CXX_LANGUAGE_STANDARD = "gnu++17";
				CLANG_ENABLE_MODULES = YES;
				CLANG_ENABLE_OBJC_ARC = YES;
				CLANG_ENABLE_OBJC_WEAK = YES;
				CLANG_WARN_BLOCK_CAPTURE_AUTORELEASING = YES;
				CLANG_WARN_BOOL_CONVERSION = YES;
				CLANG_WARN_COMMA = YES;
				CLANG_WARN_CONSTANT_CONVERSION = YES;
				CLANG_WARN_DEPRECATED_OBJC_IMPLEMENTATIONS = YES;
				CLANG_WARN_DIRECT_OBJC_ISA_USAGE = YES_ERROR;
				CLANG_WARN_DOCUMENTATION_COMMENTS = YES;
				CLANG_WARN_EMPTY_BODY = YES;
				CLANG_WARN_ENUM_CONVERSION = YES;
				CLANG_WARN_INFINITE_RECURSION = YES;
				CLANG_WARN_INT_CONVERSION = YES;
				CLANG_WARN_NON_LITERAL_NULL_CONVERSION = YES;
				CLANG_WARN_OBJC_IMPLICIT_RETAIN_SELF = YES;
				CLANG_WARN_OBJC_LITERAL_CONVERSION = YES;
				CLANG_WARN_OBJC_ROOT_CLASS = YES_ERROR;
				CLANG_WARN_QUOTED_INCLUDE_IN_FRAMEWORK_HEADER = YES;
				CLANG_WARN_RANGE_LOOP_ANALYSIS = YES;
				CLANG_WARN_STRICT_PROTOTYPES = YES;
				CLANG_WARN_SUSPICIOUS_MOVE = YES;
				CLANG_WARN_UNGUARDED_AVAILABILITY = YES_AGGRESSIVE;
				CLANG_WARN_UNREACHABLE_CODE = YES;
				CLANG_WARN__DUPLICATE_METHOD_MATCH = YES;
				COPY_PHASE_STRIP = NO;
				DEBUG_INFORMATION_FORMAT = dwarf;
				ENABLE_STRICT_OBJC_MSGSEND = YES;
				ENABLE_TESTABILITY = YES;
				GCC_C_LANGUAGE_STANDARD = gnu11;
				GCC_DYNAMIC_NO_PIC = NO;
				GCC_NO_COMMON_BLOCKS = YES;
				GCC_OPTIMIZATION_LEVEL = 0;
				GCC_PREPROCESSOR_DEFINITIONS = (
					"DEBUG=1",
					"$(inherited)",
				);
				GCC_WARN_64_TO_32_BIT_CONVERSION = YES;
				GCC_WARN_ABOUT_RETURN_TYPE = YES_ERROR;
				GCC_WARN_UNDECLARED_SELECTOR = YES;
				GCC_WARN_UNINITIALIZED_AUTOS = YES_AGGRESSIVE;
				GCC_WARN_UNUSED_FUNCTION = YES;
				GCC_WARN_UNUSED_VARIABLE = YES;
				IPHONEOS_DEPLOYMENT_TARGET = 15.4;
				MTL_ENABLE_DEBUG_INFO = INCLUDE_SOURCE;
				MTL_FAST_MATH = YES;
				ONLY_ACTIVE_ARCH = YES;
				SDKROOT = iphoneos;
				SWIFT_ACTIVE_COMPILATION_CONDITIONS = DEBUG;
				SWIFT_OPTIMIZATION_LEVEL = "-Onone";
			};
			name = Debug;
		};
		A782AE7028362EA2008B5064 /* Release */ = {
			isa = XCBuildConfiguration;
			buildSettings = {
				ALWAYS_SEARCH_USER_PATHS = NO;
				CLANG_ANALYZER_NONNULL = YES;
				CLANG_ANALYZER_NUMBER_OBJECT_CONVERSION = YES_AGGRESSIVE;
				CLANG_CXX_LANGUAGE_STANDARD = "gnu++17";
				CLANG_ENABLE_MODULES = YES;
				CLANG_ENABLE_OBJC_ARC = YES;
				CLANG_ENABLE_OBJC_WEAK = YES;
				CLANG_WARN_BLOCK_CAPTURE_AUTORELEASING = YES;
				CLANG_WARN_BOOL_CONVERSION = YES;
				CLANG_WARN_COMMA = YES;
				CLANG_WARN_CONSTANT_CONVERSION = YES;
				CLANG_WARN_DEPRECATED_OBJC_IMPLEMENTATIONS = YES;
				CLANG_WARN_DIRECT_OBJC_ISA_USAGE = YES_ERROR;
				CLANG_WARN_DOCUMENTATION_COMMENTS = YES;
				CLANG_WARN_EMPTY_BODY = YES;
				CLANG_WARN_ENUM_CONVERSION = YES;
				CLANG_WARN_INFINITE_RECURSION = YES;
				CLANG_WARN_INT_CONVERSION = YES;
				CLANG_WARN_NON_LITERAL_NULL_CONVERSION = YES;
				CLANG_WARN_OBJC_IMPLICIT_RETAIN_SELF = YES;
				CLANG_WARN_OBJC_LITERAL_CONVERSION = YES;
				CLANG_WARN_OBJC_ROOT_CLASS = YES_ERROR;
				CLANG_WARN_QUOTED_INCLUDE_IN_FRAMEWORK_HEADER = YES;
				CLANG_WARN_RANGE_LOOP_ANALYSIS = YES;
				CLANG_WARN_STRICT_PROTOTYPES = YES;
				CLANG_WARN_SUSPICIOUS_MOVE = YES;
				CLANG_WARN_UNGUARDED_AVAILABILITY = YES_AGGRESSIVE;
				CLANG_WARN_UNREACHABLE_CODE = YES;
				CLANG_WARN__DUPLICATE_METHOD_MATCH = YES;
				COPY_PHASE_STRIP = NO;
				DEBUG_INFORMATION_FORMAT = "dwarf-with-dsym";
				ENABLE_NS_ASSERTIONS = NO;
				ENABLE_STRICT_OBJC_MSGSEND = YES;
				GCC_C_LANGUAGE_STANDARD = gnu11;
				GCC_NO_COMMON_BLOCKS = YES;
				GCC_WARN_64_TO_32_BIT_CONVERSION = YES;
				GCC_WARN_ABOUT_RETURN_TYPE = YES_ERROR;
				GCC_WARN_UNDECLARED_SELECTOR = YES;
				GCC_WARN_UNINITIALIZED_AUTOS = YES_AGGRESSIVE;
				GCC_WARN_UNUSED_FUNCTION = YES;
				GCC_WARN_UNUSED_VARIABLE = YES;
				IPHONEOS_DEPLOYMENT_TARGET = 15.4;
				MTL_ENABLE_DEBUG_INFO = NO;
				MTL_FAST_MATH = YES;
				SDKROOT = iphoneos;
				SWIFT_COMPILATION_MODE = wholemodule;
				SWIFT_OPTIMIZATION_LEVEL = "-O";
				VALIDATE_PRODUCT = YES;
			};
			name = Release;
		};
		A782AE7228362EA2008B5064 /* Debug */ = {
			isa = XCBuildConfiguration;
			baseConfigurationReference = 4C5FC7FD58DD54CA6E9AAF01 /* Pods-TodoList.debug.xcconfig */;
			buildSettings = {
				ASSETCATALOG_COMPILER_APPICON_NAME = AppIcon;
				ASSETCATALOG_COMPILER_GLOBAL_ACCENT_COLOR_NAME = AccentColor;
				CODE_SIGN_STYLE = Automatic;
				CURRENT_PROJECT_VERSION = 1;
				DEVELOPMENT_TEAM = 65VN4GH52X;
				GENERATE_INFOPLIST_FILE = YES;
				INFOPLIST_FILE = TodoList/Info.plist;
				INFOPLIST_KEY_CFBundleDisplayName = "Viếng Chùa Online";
				INFOPLIST_KEY_UIApplicationSupportsIndirectInputEvents = YES;
				INFOPLIST_KEY_UILaunchStoryboardName = LaunchScreen;
				INFOPLIST_KEY_UIMainStoryboardFile = Main;
				INFOPLIST_KEY_UISupportedInterfaceOrientations_iPad = "UIInterfaceOrientationPortrait UIInterfaceOrientationPortraitUpsideDown UIInterfaceOrientationLandscapeLeft UIInterfaceOrientationLandscapeRight";
				INFOPLIST_KEY_UISupportedInterfaceOrientations_iPhone = "UIInterfaceOrientationPortrait UIInterfaceOrientationLandscapeLeft UIInterfaceOrientationLandscapeRight";
				IPHONEOS_DEPLOYMENT_TARGET = 14.1;
				LD_RUNPATH_SEARCH_PATHS = (
					"$(inherited)",
					"@executable_path/Frameworks",
				);
				MARKETING_VERSION = 1.0;
				PRODUCT_BUNDLE_IDENTIFIER = thanh.than.van.TodoList;
				PRODUCT_NAME = "$(TARGET_NAME)";
				SWIFT_EMIT_LOC_STRINGS = YES;
				SWIFT_VERSION = 5.0;
				TARGETED_DEVICE_FAMILY = "1,2";
			};
			name = Debug;
		};
		A782AE7328362EA2008B5064 /* Release */ = {
			isa = XCBuildConfiguration;
			baseConfigurationReference = 80A09E6E2C0B01CC53C8F538 /* Pods-TodoList.release.xcconfig */;
			buildSettings = {
				ASSETCATALOG_COMPILER_APPICON_NAME = AppIcon;
				ASSETCATALOG_COMPILER_GLOBAL_ACCENT_COLOR_NAME = AccentColor;
				CODE_SIGN_STYLE = Automatic;
				CURRENT_PROJECT_VERSION = 1;
				DEVELOPMENT_TEAM = 65VN4GH52X;
				GENERATE_INFOPLIST_FILE = YES;
				INFOPLIST_FILE = TodoList/Info.plist;
				INFOPLIST_KEY_CFBundleDisplayName = "Viếng Chùa Online";
				INFOPLIST_KEY_UIApplicationSupportsIndirectInputEvents = YES;
				INFOPLIST_KEY_UILaunchStoryboardName = LaunchScreen;
				INFOPLIST_KEY_UIMainStoryboardFile = Main;
				INFOPLIST_KEY_UISupportedInterfaceOrientations_iPad = "UIInterfaceOrientationPortrait UIInterfaceOrientationPortraitUpsideDown UIInterfaceOrientationLandscapeLeft UIInterfaceOrientationLandscapeRight";
				INFOPLIST_KEY_UISupportedInterfaceOrientations_iPhone = "UIInterfaceOrientationPortrait UIInterfaceOrientationLandscapeLeft UIInterfaceOrientationLandscapeRight";
				IPHONEOS_DEPLOYMENT_TARGET = 14.1;
				LD_RUNPATH_SEARCH_PATHS = (
					"$(inherited)",
					"@executable_path/Frameworks",
				);
				MARKETING_VERSION = 1.0;
				PRODUCT_BUNDLE_IDENTIFIER = thanh.than.van.TodoList;
				PRODUCT_NAME = "$(TARGET_NAME)";
				SWIFT_EMIT_LOC_STRINGS = YES;
				SWIFT_VERSION = 5.0;
				TARGETED_DEVICE_FAMILY = "1,2";
			};
			name = Release;
		};
/* End XCBuildConfiguration section */

/* Begin XCConfigurationList section */
		A782AE5828362EA0008B5064 /* Build configuration list for PBXProject "TodoList" */ = {
			isa = XCConfigurationList;
			buildConfigurations = (
				A782AE6F28362EA2008B5064 /* Debug */,
				A782AE7028362EA2008B5064 /* Release */,
			);
			defaultConfigurationIsVisible = 0;
			defaultConfigurationName = Release;
		};
		A782AE7128362EA2008B5064 /* Build configuration list for PBXNativeTarget "TodoList" */ = {
			isa = XCConfigurationList;
			buildConfigurations = (
				A782AE7228362EA2008B5064 /* Debug */,
				A782AE7328362EA2008B5064 /* Release */,
			);
			defaultConfigurationIsVisible = 0;
			defaultConfigurationName = Release;
		};
/* End XCConfigurationList section */
	};
	rootObject = A782AE5528362EA0008B5064 /* Project object */;
}
